
Microsoft Visual Studio Solution File, Format Version 12.00
# Visual Studio Version 17
VisualStudioVersion = 17.8.34511.84
MinimumVisualStudioVersion = 10.0.40219.1
Project("{FAE04EC0-301F-11D3-BF4B-00C04F79EFBC}") = "Syntax", "Syntax\Syntax.csproj", "{CC3DD80A-2D74-47C5-92F5-B78C3AAE9231}"
EndProject
Global
	GlobalSection(SolutionConfigurationPlatforms) = preSolution
		Debug|Any CPU = Debug|Any CPU
		Release|Any CPU = Release|Any CPU
	EndGlobalSection
	GlobalSection(ProjectConfigurationPlatforms) = postSolution
		{CC3DD80A-2D74-47C5-92F5-B78C3AAE9231}.Debug|Any CPU.ActiveCfg = Debug|Any CPU
		{CC3DD80A-2D74-47C5-92F5-B78C3AAE9231}.Debug|Any CPU.Build.0 = Debug|Any CPU
		{CC3DD80A-2D74-47C5-92F5-B78C3AAE9231}.Release|Any CPU.ActiveCfg = Release|Any CPU
		{CC3DD80A-2D74-47C5-92F5-B78C3AAE9231}.Release|Any CPU.Build.0 = Release|Any CPU
	EndGlobalSection
	GlobalSection(SolutionProperties) = preSolution
		HideSolutionNode = FALSE
	EndGlobalSection
	GlobalSection(ExtensibilityGlobals) = postSolution
		SolutionGuid = {74F6CA31-3F85-4E05-BA68-0F3C183263FE}
	EndGlobalSection
EndGlobal
